// !$*UTF8*$!
{
	archiveVersion = 1;
	classes = {
	};
	objectVersion = 46;
	objects = {

/* Begin PBXBuildFile section */
		53F39BD41B00E428006065D8 /* Meme.swift in Sources */ = {isa = PBXBuildFile; fileRef = 53F39BD31B00E428006065D8 /* Meme.swift */; };
		53F7D7E01B0DE62200177680 /* TableViewController.swift in Sources */ = {isa = PBXBuildFile; fileRef = 53F7D7DF1B0DE62200177680 /* TableViewController.swift */; };
		53F7D7E21B108CE300177680 /* MemeCollectionViewCell.swift in Sources */ = {isa = PBXBuildFile; fileRef = 53F7D7E11B108CE300177680 /* MemeCollectionViewCell.swift */; };
		53F7D7E41B108CF900177680 /* MemeTableViewCell.swift in Sources */ = {isa = PBXBuildFile; fileRef = 53F7D7E31B108CF900177680 /* MemeTableViewCell.swift */; };
		53F7D7E61B108FBB00177680 /* MemeViewController.swift in Sources */ = {isa = PBXBuildFile; fileRef = 53F7D7E51B108FBB00177680 /* MemeViewController.swift */; };
		53F7D7E81B1099FD00177680 /* CollectionViewController.swift in Sources */ = {isa = PBXBuildFile; fileRef = 53F7D7E71B1099FD00177680 /* CollectionViewController.swift */; };
		53FA3C531AE635820034077A /* AppDelegate.swift in Sources */ = {isa = PBXBuildFile; fileRef = 53FA3C521AE635820034077A /* AppDelegate.swift */; };
		53FA3C551AE635820034077A /* CreateMemeViewController.swift in Sources */ = {isa = PBXBuildFile; fileRef = 53FA3C541AE635820034077A /* CreateMemeViewController.swift */; };
		53FA3C581AE635820034077A /* Main.storyboard in Resources */ = {isa = PBXBuildFile; fileRef = 53FA3C561AE635820034077A /* Main.storyboard */; };
		53FA3C5A1AE635820034077A /* Images.xcassets in Resources */ = {isa = PBXBuildFile; fileRef = 53FA3C591AE635820034077A /* Images.xcassets */; };
		53FA3C5D1AE635820034077A /* LaunchScreen.xib in Resources */ = {isa = PBXBuildFile; fileRef = 53FA3C5B1AE635820034077A /* LaunchScreen.xib */; };
		53FA3C691AE635820034077A /* MemeMeTests.swift in Sources */ = {isa = PBXBuildFile; fileRef = 53FA3C681AE635820034077A /* MemeMeTests.swift */; };
/* End PBXBuildFile section */

/* Begin PBXContainerItemProxy section */
		53FA3C631AE635820034077A /* PBXContainerItemProxy */ = {
			isa = PBXContainerItemProxy;
			containerPortal = 53FA3C451AE635820034077A /* Project object */;
			proxyType = 1;
			remoteGlobalIDString = 53FA3C4C1AE635820034077A;
			remoteInfo = MemeMe;
		};
/* End PBXContainerItemProxy section */

/* Begin PBXFileReference section */
		53F39BD31B00E428006065D8 /* Meme.swift */ = {isa = PBXFileReference; fileEncoding = 4; lastKnownFileType = sourcecode.swift; path = Meme.swift; sourceTree = "<group>"; };
		53F7D7DF1B0DE62200177680 /* TableViewController.swift */ = {isa = PBXFileReference; fileEncoding = 4; lastKnownFileType = sourcecode.swift; path = TableViewController.swift; sourceTree = "<group>"; };
		53F7D7E11B108CE300177680 /* MemeCollectionViewCell.swift */ = {isa = PBXFileReference; fileEncoding = 4; lastKnownFileType = sourcecode.swift; path = MemeCollectionViewCell.swift; sourceTree = "<group>"; };
		53F7D7E31B108CF900177680 /* MemeTableViewCell.swift */ = {isa = PBXFileReference; fileEncoding = 4; lastKnownFileType = sourcecode.swift; path = MemeTableViewCell.swift; sourceTree = "<group>"; };
		53F7D7E51B108FBB00177680 /* MemeViewController.swift */ = {isa = PBXFileReference; fileEncoding = 4; lastKnownFileType = sourcecode.swift; path = MemeViewController.swift; sourceTree = "<group>"; };
		53F7D7E71B1099FD00177680 /* CollectionViewController.swift */ = {isa = PBXFileReference; fileEncoding = 4; lastKnownFileType = sourcecode.swift; path = CollectionViewController.swift; sourceTree = "<group>"; };
		53FA3C4D1AE635820034077A /* MemeMe.app */ = {isa = PBXFileReference; explicitFileType = wrapper.application; includeInIndex = 0; path = MemeMe.app; sourceTree = BUILT_PRODUCTS_DIR; };
		53FA3C511AE635820034077A /* Info.plist */ = {isa = PBXFileReference; lastKnownFileType = text.plist.xml; path = Info.plist; sourceTree = "<group>"; };
		53FA3C521AE635820034077A /* AppDelegate.swift */ = {isa = PBXFileReference; lastKnownFileType = sourcecode.swift; path = AppDelegate.swift; sourceTree = "<group>"; };
		53FA3C541AE635820034077A /* CreateMemeViewController.swift */ = {isa = PBXFileReference; lastKnownFileType = sourcecode.swift; path = CreateMemeViewController.swift; sourceTree = "<group>"; };
		53FA3C571AE635820034077A /* Base */ = {isa = PBXFileReference; lastKnownFileType = file.storyboard; name = Base; path = Base.lproj/Main.storyboard; sourceTree = "<group>"; };
		53FA3C591AE635820034077A /* Images.xcassets */ = {isa = PBXFileReference; lastKnownFileType = folder.assetcatalog; path = Images.xcassets; sourceTree = "<group>"; };
		53FA3C5C1AE635820034077A /* Base */ = {isa = PBXFileReference; lastKnownFileType = file.xib; name = Base; path = Base.lproj/LaunchScreen.xib; sourceTree = "<group>"; };
		53FA3C621AE635820034077A /* MemeMeTests.xctest */ = {isa = PBXFileReference; explicitFileType = wrapper.cfbundle; includeInIndex = 0; path = MemeMeTests.xctest; sourceTree = BUILT_PRODUCTS_DIR; };
		53FA3C671AE635820034077A /* Info.plist */ = {isa = PBXFileReference; lastKnownFileType = text.plist.xml; path = Info.plist; sourceTree = "<group>"; };
		53FA3C681AE635820034077A /* MemeMeTests.swift */ = {isa = PBXFileReference; lastKnownFileType = sourcecode.swift; path = MemeMeTests.swift; sourceTree = "<group>"; };
/* End PBXFileReference section */

/* Begin PBXFrameworksBuildPhase section */
		53FA3C4A1AE635820034077A /* Frameworks */ = {
			isa = PBXFrameworksBuildPhase;
			buildActionMask = 2147483647;
			files = (
			);
			runOnlyForDeploymentPostprocessing = 0;
		};
		53FA3C5F1AE635820034077A /* Frameworks */ = {
			isa = PBXFrameworksBuildPhase;
			buildActionMask = 2147483647;
			files = (
			);
			runOnlyForDeploymentPostprocessing = 0;
		};
/* End PBXFrameworksBuildPhase section */

/* Begin PBXGroup section */
		53FA3C441AE635820034077A = {
			isa = PBXGroup;
			children = (
				53FA3C4F1AE635820034077A /* MemeMe */,
				53FA3C651AE635820034077A /* MemeMeTests */,
				53FA3C4E1AE635820034077A /* Products */,
			);
			sourceTree = "<group>";
		};
		53FA3C4E1AE635820034077A /* Products */ = {
			isa = PBXGroup;
			children = (
				53FA3C4D1AE635820034077A /* MemeMe.app */,
				53FA3C621AE635820034077A /* MemeMeTests.xctest */,
			);
			name = Products;
			sourceTree = "<group>";
		};
		53FA3C4F1AE635820034077A /* MemeMe */ = {
			isa = PBXGroup;
			children = (
				53F39BD31B00E428006065D8 /* Meme.swift */,
				53FA3C521AE635820034077A /* AppDelegate.swift */,
				53FA3C541AE635820034077A /* CreateMemeViewController.swift */,
				53FA3C561AE635820034077A /* Main.storyboard */,
				53F7D7DF1B0DE62200177680 /* TableViewController.swift */,
				53F7D7E71B1099FD00177680 /* CollectionViewController.swift */,
				53FA3C591AE635820034077A /* Images.xcassets */,
				53FA3C5B1AE635820034077A /* LaunchScreen.xib */,
				53FA3C501AE635820034077A /* Supporting Files */,
				53F7D7E11B108CE300177680 /* MemeCollectionViewCell.swift */,
				53F7D7E31B108CF900177680 /* MemeTableViewCell.swift */,
				53F7D7E51B108FBB00177680 /* MemeViewController.swift */,
			);
			path = MemeMe;
			sourceTree = "<group>";
		};
		53FA3C501AE635820034077A /* Supporting Files */ = {
			isa = PBXGroup;
			children = (
				53FA3C511AE635820034077A /* Info.plist */,
			);
			name = "Supporting Files";
			sourceTree = "<group>";
		};
		53FA3C651AE635820034077A /* MemeMeTests */ = {
			isa = PBXGroup;
			children = (
				53FA3C681AE635820034077A /* MemeMeTests.swift */,
				53FA3C661AE635820034077A /* Supporting Files */,
			);
			path = MemeMeTests;
			sourceTree = "<group>";
		};
		53FA3C661AE635820034077A /* Supporting Files */ = {
			isa = PBXGroup;
			children = (
				53FA3C671AE635820034077A /* Info.plist */,
			);
			name = "Supporting Files";
			sourceTree = "<group>";
		};
/* End PBXGroup section */

/* Begin PBXNativeTarget section */
		53FA3C4C1AE635820034077A /* MemeMe */ = {
			isa = PBXNativeTarget;
			buildConfigurationList = 53FA3C6C1AE635820034077A /* Build configuration list for PBXNativeTarget "MemeMe" */;
			buildPhases = (
				53FA3C491AE635820034077A /* Sources */,
				53FA3C4A1AE635820034077A /* Frameworks */,
				53FA3C4B1AE635820034077A /* Resources */,
			);
			buildRules = (
			);
			dependencies = (
			);
			name = MemeMe;
			productName = MemeMe;
			productReference = 53FA3C4D1AE635820034077A /* MemeMe.app */;
			productType = "com.apple.product-type.application";
		};
		53FA3C611AE635820034077A /* MemeMeTests */ = {
			isa = PBXNativeTarget;
			buildConfigurationList = 53FA3C6F1AE635820034077A /* Build configuration list for PBXNativeTarget "MemeMeTests" */;
			buildPhases = (
				53FA3C5E1AE635820034077A /* Sources */,
				53FA3C5F1AE635820034077A /* Frameworks */,
				53FA3C601AE635820034077A /* Resources */,
			);
			buildRules = (
			);
			dependencies = (
				53FA3C641AE635820034077A /* PBXTargetDependency */,
			);
			name = MemeMeTests;
			productName = MemeMeTests;
			productReference = 53FA3C621AE635820034077A /* MemeMeTests.xctest */;
			productType = "com.apple.product-type.bundle.unit-test";
		};
/* End PBXNativeTarget section */

/* Begin PBXProject section */
		53FA3C451AE635820034077A /* Project object */ = {
			isa = PBXProject;
			attributes = {
				LastUpgradeCheck = 0630;
				ORGANIZATIONNAME = ttobin;
				TargetAttributes = {
					53FA3C4C1AE635820034077A = {
						CreatedOnToolsVersion = 6.3;
					};
					53FA3C611AE635820034077A = {
						CreatedOnToolsVersion = 6.3;
						TestTargetID = 53FA3C4C1AE635820034077A;
					};
				};
			};
			buildConfigurationList = 53FA3C481AE635820034077A /* Build configuration list for PBXProject "MemeMe" */;
			compatibilityVersion = "Xcode 3.2";
			developmentRegion = English;
			hasScannedForEncodings = 0;
			knownRegions = (
				en,
				Base,
			);
			mainGroup = 53FA3C441AE635820034077A;
			productRefGroup = 53FA3C4E1AE635820034077A /* Products */;
			projectDirPath = "";
			projectRoot = "";
			targets = (
				53FA3C4C1AE635820034077A /* MemeMe */,
				53FA3C611AE635820034077A /* MemeMeTests */,
			);
		};
/* End PBXProject section */

/* Begin PBXResourcesBuildPhase section */
		53FA3C4B1AE635820034077A /* Resources */ = {
			isa = PBXResourcesBuildPhase;
			buildActionMask = 2147483647;
			files = (
				53FA3C581AE635820034077A /* Main.storyboard in Resources */,
				53FA3C5D1AE635820034077A /* LaunchScreen.xib in Resources */,
				53FA3C5A1AE635820034077A /* Images.xcassets in Resources */,
			);
			runOnlyForDeploymentPostprocessing = 0;
		};
		53FA3C601AE635820034077A /* Resources */ = {
			isa = PBXResourcesBuildPhase;
			buildActionMask = 2147483647;
			files = (
			);
			runOnlyForDeploymentPostprocessing = 0;
		};
/* End PBXResourcesBuildPhase section */

/* Begin PBXSourcesBuildPhase section */
		53FA3C491AE635820034077A /* Sources */ = {
			isa = PBXSourcesBuildPhase;
			buildActionMask = 2147483647;
			files = (
				53F7D7E21B108CE300177680 /* MemeCollectionViewCell.swift in Sources */,
				53F39BD41B00E428006065D8 /* Meme.swift in Sources */,
				53FA3C551AE635820034077A /* CreateMemeViewController.swift in Sources */,
				53F7D7E61B108FBB00177680 /* MemeViewController.swift in Sources */,
				53F7D7E81B1099FD00177680 /* CollectionViewController.swift in Sources */,
				53F7D7E41B108CF900177680 /* MemeTableViewCell.swift in Sources */,
				53FA3C531AE635820034077A /* AppDelegate.swift in Sources */,
				53F7D7E01B0DE62200177680 /* TableViewController.swift in Sources */,
			);
			runOnlyForDeploymentPostprocessing = 0;
		};
		53FA3C5E1AE635820034077A /* Sources */ = {
			isa = PBXSourcesBuildPhase;
			buildActionMask = 2147483647;
			files = (
				53FA3C691AE635820034077A /* MemeMeTests.swift in Sources */,
			);
			runOnlyForDeploymentPostprocessing = 0;
		};
/* End PBXSourcesBuildPhase section */

/* Begin PBXTargetDependency section */
		53FA3C641AE635820034077A /* PBXTargetDependency */ = {
			isa = PBXTargetDependency;
			target = 53FA3C4C1AE635820034077A /* MemeMe */;
			targetProxy = 53FA3C631AE635820034077A /* PBXContainerItemProxy */;
		};
/* End PBXTargetDependency section */

/* Begin PBXVariantGroup section */
		53FA3C561AE635820034077A /* Main.storyboard */ = {
			isa = PBXVariantGroup;
			children = (
				53FA3C571AE635820034077A /* Base */,
			);
			name = Main.storyboard;
			sourceTree = "<group>";
		};
		53FA3C5B1AE635820034077A /* LaunchScreen.xib */ = {
			isa = PBXVariantGroup;
			children = (
				53FA3C5C1AE635820034077A /* Base */,
			);
			name = LaunchScreen.xib;
			sourceTree = "<group>";
		};
/* End PBXVariantGroup section */

/* Begin XCBuildConfiguration section */
		53FA3C6A1AE635820034077A /* Debug */ = {
			isa = XCBuildConfiguration;
			buildSettings = {
				ALWAYS_SEARCH_USER_PATHS = NO;
				CLANG_CXX_LANGUAGE_STANDARD = "gnu++0x";
				CLANG_CXX_LIBRARY = "libc++";
				CLANG_ENABLE_MODULES = YES;
				CLANG_ENABLE_OBJC_ARC = YES;
				CLANG_WARN_BOOL_CONVERSION = YES;
				CLANG_WARN_CONSTANT_CONVERSION = YES;
				CLANG_WARN_DIRECT_OBJC_ISA_USAGE = YES_ERROR;
				CLANG_WARN_EMPTY_BODY = YES;
				CLANG_WARN_ENUM_CONVERSION = YES;
				CLANG_WARN_INT_CONVERSION = YES;
				CLANG_WARN_OBJC_ROOT_CLASS = YES_ERROR;
				CLANG_WARN_UNREACHABLE_CODE = YES;
				CLANG_WARN__DUPLICATE_METHOD_MATCH = YES;
				"CODE_SIGN_IDENTITY[sdk=iphoneos*]" = "iPhone Developer";
				COPY_PHASE_STRIP = NO;
				DEBUG_INFORMATION_FORMAT = "dwarf-with-dsym";
				ENABLE_STRICT_OBJC_MSGSEND = YES;
				GCC_C_LANGUAGE_STANDARD = gnu99;
				GCC_DYNAMIC_NO_PIC = NO;
				GCC_NO_COMMON_BLOCKS = YES;
				GCC_OPTIMIZATION_LEVEL = 0;
				GCC_PREPROCESSOR_DEFINITIONS = (
					"DEBUG=1",
					"$(inherited)",
				);
				GCC_SYMBOLS_PRIVATE_EXTERN = NO;
				GCC_WARN_64_TO_32_BIT_CONVERSION = YES;
				GCC_WARN_ABOUT_RETURN_TYPE = YES_ERROR;
				GCC_WARN_UNDECLARED_SELECTOR = YES;
				GCC_WARN_UNINITIALIZED_AUTOS = YES_AGGRESSIVE;
				GCC_WARN_UNUSED_FUNCTION = YES;
				GCC_WARN_UNUSED_VARIABLE = YES;
				IPHONEOS_DEPLOYMENT_TARGET = 8.3;
				MTL_ENABLE_DEBUG_INFO = YES;
				ONLY_ACTIVE_ARCH = YES;
				SDKROOT = iphoneos;
				SWIFT_OPTIMIZATION_LEVEL = "-Onone";
				TARGETED_DEVICE_FAMILY = "1,2";
			};
			name = Debug;
		};
		53FA3C6B1AE635820034077A /* Release */ = {
			isa = XCBuildConfiguration;
			buildSettings = {
				ALWAYS_SEARCH_USER_PATHS = NO;
				CLANG_CXX_LANGUAGE_STANDARD = "gnu++0x";
				CLANG_CXX_LIBRARY = "libc++";
				CLANG_ENABLE_MODULES = YES;
				CLANG_ENABLE_OBJC_ARC = YES;
				CLANG_WARN_BOOL_CONVERSION = YES;
				CLANG_WARN_CONSTANT_CONVERSION = YES;
				CLANG_WARN_DIRECT_OBJC_ISA_USAGE = YES_ERROR;
				CLANG_WARN_EMPTY_BODY = YES;
				CLANG_WARN_ENUM_CONVERSION = YES;
				CLANG_WARN_INT_CONVERSION = YES;
				CLANG_WARN_OBJC_ROOT_CLASS = YES_ERROR;
				CLANG_WARN_UNREACHABLE_CODE = YES;
				CLANG_WARN__DUPLICATE_METHOD_MATCH = YES;
				"CODE_SIGN_IDENTITY[sdk=iphoneos*]" = "iPhone Developer";
				COPY_PHASE_STRIP = NO;
				DEBUG_INFORMATION_FORMAT = "dwarf-with-dsym";
				ENABLE_NS_ASSERTIONS = NO;
				ENABLE_STRICT_OBJC_MSGSEND = YES;
				GCC_C_LANGUAGE_STANDARD = gnu99;
				GCC_NO_COMMON_BLOCKS = YES;
				GCC_WARN_64_TO_32_BIT_CONVERSION = YES;
				GCC_WARN_ABOUT_RETURN_TYPE = YES_ERROR;
				GCC_WARN_UNDECLARED_SELECTOR = YES;
				GCC_WARN_UNINITIALIZED_AUTOS = YES_AGGRESSIVE;
				GCC_WARN_UNUSED_FUNCTION = YES;
				GCC_WARN_UNUSED_VARIABLE = YES;
				IPHONEOS_DEPLOYMENT_TARGET = 8.3;
				MTL_ENABLE_DEBUG_INFO = NO;
				SDKROOT = iphoneos;
				TARGETED_DEVICE_FAMILY = "1,2";
				VALIDATE_PRODUCT = YES;
			};
			name = Release;
		};
		53FA3C6D1AE635820034077A /* Debug */ = {
			isa = XCBuildConfiguration;
			buildSettings = {
				ASSETCATALOG_COMPILER_APPICON_NAME = AppIcon;
				INFOPLIST_FILE = MemeMe/Info.plist;
				LD_RUNPATH_SEARCH_PATHS = "$(inherited) @executable_path/Frameworks";
				PRODUCT_NAME = "$(TARGET_NAME)";
			};
			name = Debug;
		};
		53FA3C6E1AE635820034077A /* Release */ = {
			isa = XCBuildConfiguration;
			buildSettings = {
				ASSETCATALOG_COMPILER_APPICON_NAME = AppIcon;
				INFOPLIST_FILE = MemeMe/Info.plist;
				LD_RUNPATH_SEARCH_PATHS = "$(inherited) @executable_path/Frameworks";
				PRODUCT_NAME = "$(TARGET_NAME)";
			};
			name = Release;
		};
		53FA3C701AE635820034077A /* Debug */ = {
			isa = XCBuildConfiguration;
			buildSettings = {
				BUNDLE_LOADER = "$(TEST_HOST)";
				FRAMEWORK_SEARCH_PATHS = (
					"$(SDKROOT)/Developer/Library/Frameworks",
					"$(inherited)",
				);
				GCC_PREPROCESSOR_DEFINITIONS = (
					"DEBUG=1",
					"$(inherited)",
				);
				INFOPLIST_FILE = MemeMeTests/Info.plist;
				LD_RUNPATH_SEARCH_PATHS = "$(inherited) @executable_path/Frameworks @loader_path/Frameworks";
				PRODUCT_NAME = "$(TARGET_NAME)";
				TEST_HOST = "$(BUILT_PRODUCTS_DIR)/MemeMe.app/MemeMe";
			};
			name = Debug;
		};
		53FA3C711AE635820034077A /* Release */ = {
			isa = XCBuildConfiguration;
			buildSettings = {
				BUNDLE_LOADER = "$(TEST_HOST)";
				FRAMEWORK_SEARCH_PATHS = (
					"$(SDKROOT)/Developer/Library/Frameworks",
					"$(inherited)",
				);
				INFOPLIST_FILE = MemeMeTests/Info.plist;
				LD_RUNPATH_SEARCH_PATHS = "$(inherited) @executable_path/Frameworks @loader_path/Frameworks";
				PRODUCT_NAME = "$(TARGET_NAME)";
				TEST_HOST = "$(BUILT_PRODUCTS_DIR)/MemeMe.app/MemeMe";
			};
			name = Release;
		};
/* End XCBuildConfiguration section */

/* Begin XCConfigurationList section */
		53FA3C481AE635820034077A /* Build configuration list for PBXProject "MemeMe" */ = {
			isa = XCConfigurationList;
			buildConfigurations = (
				53FA3C6A1AE635820034077A /* Debug */,
				53FA3C6B1AE635820034077A /* Release */,
			);
			defaultConfigurationIsVisible = 0;
			defaultConfigurationName = Release;
		};
		53FA3C6C1AE635820034077A /* Build configuration list for PBXNativeTarget "MemeMe" */ = {
			isa = XCConfigurationList;
			buildConfigurations = (
				53FA3C6D1AE635820034077A /* Debug */,
				53FA3C6E1AE635820034077A /* Release */,
			);
			defaultConfigurationIsVisible = 0;
			defaultConfigurationName = Release;
		};
		53FA3C6F1AE635820034077A /* Build configuration list for PBXNativeTarget "MemeMeTests" */ = {
			isa = XCConfigurationList;
			buildConfigurations = (
				53FA3C701AE635820034077A /* Debug */,
				53FA3C711AE635820034077A /* Release */,
			);
			defaultConfigurationIsVisible = 0;
			defaultConfigurationName = Release;
		};
/* End XCConfigurationList section */
	};
	rootObject = 53FA3C451AE635820034077A /* Project object */;
}
